// !$*UTF8*$!
{
	archiveVersion = 1;
	classes = {
	};
	objectVersion = 56;
	objects = {

/* Begin PBXBuildFile section */
		2F1A41E32A002DC400B3C1EF /* AppDelegate.swift in Sources */ = {isa = PBXBuildFile; fileRef = 2F1A41E22A002DC400B3C1EF /* AppDelegate.swift */; };
		2F1A41E52A002DC400B3C1EF /* ViewController.swift in Sources */ = {isa = PBXBuildFile; fileRef = 2F1A41E42A002DC400B3C1EF /* ViewController.swift */; };
		2F1A41E82A002DC400B3C1EF /* ISO8211Lib.xcdatamodeld in Sources */ = {isa = PBXBuildFile; fileRef = 2F1A41E62A002DC400B3C1EF /* ISO8211Lib.xcdatamodeld */; };
		2F1A41EA2A002DC500B3C1EF /* Assets.xcassets in Resources */ = {isa = PBXBuildFile; fileRef = 2F1A41E92A002DC500B3C1EF /* Assets.xcassets */; };
		2F1A41ED2A002DC500B3C1EF /* Main.storyboard in Resources */ = {isa = PBXBuildFile; fileRef = 2F1A41EB2A002DC500B3C1EF /* Main.storyboard */; };
		2F1A41F82A002DC500B3C1EF /* ISO8211LibTests.swift in Sources */ = {isa = PBXBuildFile; fileRef = 2F1A41F72A002DC500B3C1EF /* ISO8211LibTests.swift */; };
		2F1A42022A002DC500B3C1EF /* ISO8211LibUITests.swift in Sources */ = {isa = PBXBuildFile; fileRef = 2F1A42012A002DC500B3C1EF /* ISO8211LibUITests.swift */; };
		2F1A42042A002DC500B3C1EF /* ISO8211LibUITestsLaunchTests.swift in Sources */ = {isa = PBXBuildFile; fileRef = 2F1A42032A002DC500B3C1EF /* ISO8211LibUITestsLaunchTests.swift */; };
		2F1A42382A002F0E00B3C1EF /* DDFModule.m in Sources */ = {isa = PBXBuildFile; fileRef = 2F1A42302A002F0E00B3C1EF /* DDFModule.m */; };
		2F1A42392A002F0E00B3C1EF /* DDFField.m in Sources */ = {isa = PBXBuildFile; fileRef = 2F1A42322A002F0E00B3C1EF /* DDFField.m */; };
		2F1A423A2A002F0E00B3C1EF /* DDFSubfieldDefinition.m in Sources */ = {isa = PBXBuildFile; fileRef = 2F1A42332A002F0E00B3C1EF /* DDFSubfieldDefinition.m */; };
		2F1A423B2A002F0E00B3C1EF /* DDFUtils.m in Sources */ = {isa = PBXBuildFile; fileRef = 2F1A42342A002F0E00B3C1EF /* DDFUtils.m */; };
		2F1A423D2A002F0E00B3C1EF /* DDFRecord.m in Sources */ = {isa = PBXBuildFile; fileRef = 2F1A42372A002F0E00B3C1EF /* DDFRecord.m */; };
		2FF744952A00DA8100195F7A /* Exceptions.swift in Sources */ = {isa = PBXBuildFile; fileRef = 2FF744932A00DA8100195F7A /* Exceptions.swift */; };
		2FF744B72A00E80600195F7A /* DDFFieldDefinition.swift in Sources */ = {isa = PBXBuildFile; fileRef = 2FF744B62A00E80600195F7A /* DDFFieldDefinition.swift */; };
		2FF744B92A00F9DF00195F7A /* StringProtocol+.swift in Sources */ = {isa = PBXBuildFile; fileRef = 2FF744B82A00F9DE00195F7A /* StringProtocol+.swift */; };
		2FF744BB2A00FA0D00195F7A /* String+.swift in Sources */ = {isa = PBXBuildFile; fileRef = 2FF744BA2A00FA0D00195F7A /* String+.swift */; };
		2FF744BD2A01244800195F7A /* Array+UInt8.swift in Sources */ = {isa = PBXBuildFile; fileRef = 2FF744BC2A01244800195F7A /* Array+UInt8.swift */; };
		2FF744BF2A01247B00195F7A /* DDFException.swift in Sources */ = {isa = PBXBuildFile; fileRef = 2FF744BE2A01247B00195F7A /* DDFException.swift */; };
		2FF744C12A0124A300195F7A /* UInt8+.swift in Sources */ = {isa = PBXBuildFile; fileRef = 2FF744C02A0124A300195F7A /* UInt8+.swift */; };
/* End PBXBuildFile section */

/* Begin PBXContainerItemProxy section */
		2F1A41F42A002DC500B3C1EF /* PBXContainerItemProxy */ = {
			isa = PBXContainerItemProxy;
			containerPortal = 2F1A41D72A002DC400B3C1EF /* Project object */;
			proxyType = 1;
			remoteGlobalIDString = 2F1A41DE2A002DC400B3C1EF;
			remoteInfo = ISO8211Lib;
		};
		2F1A41FE2A002DC500B3C1EF /* PBXContainerItemProxy */ = {
			isa = PBXContainerItemProxy;
			containerPortal = 2F1A41D72A002DC400B3C1EF /* Project object */;
			proxyType = 1;
			remoteGlobalIDString = 2F1A41DE2A002DC400B3C1EF;
			remoteInfo = ISO8211Lib;
		};
/* End PBXContainerItemProxy section */

/* Begin PBXFileReference section */
		2F1A41DF2A002DC400B3C1EF /* ISO8211Lib.app */ = {isa = PBXFileReference; explicitFileType = wrapper.application; includeInIndex = 0; path = ISO8211Lib.app; sourceTree = BUILT_PRODUCTS_DIR; };
		2F1A41E22A002DC400B3C1EF /* AppDelegate.swift */ = {isa = PBXFileReference; lastKnownFileType = sourcecode.swift; path = AppDelegate.swift; sourceTree = "<group>"; };
		2F1A41E42A002DC400B3C1EF /* ViewController.swift */ = {isa = PBXFileReference; lastKnownFileType = sourcecode.swift; path = ViewController.swift; sourceTree = "<group>"; };
		2F1A41E72A002DC400B3C1EF /* ISO8211Lib.xcdatamodel */ = {isa = PBXFileReference; lastKnownFileType = wrapper.xcdatamodel; path = ISO8211Lib.xcdatamodel; sourceTree = "<group>"; };
		2F1A41E92A002DC500B3C1EF /* Assets.xcassets */ = {isa = PBXFileReference; lastKnownFileType = folder.assetcatalog; path = Assets.xcassets; sourceTree = "<group>"; };
		2F1A41EC2A002DC500B3C1EF /* Base */ = {isa = PBXFileReference; lastKnownFileType = file.storyboard; name = Base; path = Base.lproj/Main.storyboard; sourceTree = "<group>"; };
		2F1A41EE2A002DC500B3C1EF /* ISO8211Lib.entitlements */ = {isa = PBXFileReference; lastKnownFileType = text.plist.entitlements; path = ISO8211Lib.entitlements; sourceTree = "<group>"; };
		2F1A41F32A002DC500B3C1EF /* ISO8211LibTests.xctest */ = {isa = PBXFileReference; explicitFileType = wrapper.cfbundle; includeInIndex = 0; path = ISO8211LibTests.xctest; sourceTree = BUILT_PRODUCTS_DIR; };
		2F1A41F72A002DC500B3C1EF /* ISO8211LibTests.swift */ = {isa = PBXFileReference; lastKnownFileType = sourcecode.swift; path = ISO8211LibTests.swift; sourceTree = "<group>"; };
		2F1A41FD2A002DC500B3C1EF /* ISO8211LibUITests.xctest */ = {isa = PBXFileReference; explicitFileType = wrapper.cfbundle; includeInIndex = 0; path = ISO8211LibUITests.xctest; sourceTree = BUILT_PRODUCTS_DIR; };
		2F1A42012A002DC500B3C1EF /* ISO8211LibUITests.swift */ = {isa = PBXFileReference; lastKnownFileType = sourcecode.swift; path = ISO8211LibUITests.swift; sourceTree = "<group>"; };
		2F1A42032A002DC500B3C1EF /* ISO8211LibUITestsLaunchTests.swift */ = {isa = PBXFileReference; lastKnownFileType = sourcecode.swift; path = ISO8211LibUITestsLaunchTests.swift; sourceTree = "<group>"; };
		2F1A42102A002DEF00B3C1EF /* ISO8211Lib-Bridging-Header.h */ = {isa = PBXFileReference; lastKnownFileType = sourcecode.c.h; path = "ISO8211Lib-Bridging-Header.h"; sourceTree = "<group>"; };
		2F1A422B2A002F0E00B3C1EF /* DDFField.h */ = {isa = PBXFileReference; fileEncoding = 4; lastKnownFileType = sourcecode.c.h; path = DDFField.h; sourceTree = "<group>"; };
		2F1A422C2A002F0E00B3C1EF /* DDFSubfieldDefinition.h */ = {isa = PBXFileReference; fileEncoding = 4; lastKnownFileType = sourcecode.c.h; path = DDFSubfieldDefinition.h; sourceTree = "<group>"; };
		2F1A422D2A002F0E00B3C1EF /* DDFUtils.h */ = {isa = PBXFileReference; fileEncoding = 4; lastKnownFileType = sourcecode.c.h; path = DDFUtils.h; sourceTree = "<group>"; };
		2F1A422E2A002F0E00B3C1EF /* ISO8211.h */ = {isa = PBXFileReference; fileEncoding = 4; lastKnownFileType = sourcecode.c.h; path = ISO8211.h; sourceTree = "<group>"; };
		2F1A422F2A002F0E00B3C1EF /* DDFRecord.h */ = {isa = PBXFileReference; fileEncoding = 4; lastKnownFileType = sourcecode.c.h; path = DDFRecord.h; sourceTree = "<group>"; };
		2F1A42302A002F0E00B3C1EF /* DDFModule.m */ = {isa = PBXFileReference; fileEncoding = 4; lastKnownFileType = sourcecode.c.objc; path = DDFModule.m; sourceTree = "<group>"; };
		2F1A42322A002F0E00B3C1EF /* DDFField.m */ = {isa = PBXFileReference; fileEncoding = 4; lastKnownFileType = sourcecode.c.objc; path = DDFField.m; sourceTree = "<group>"; };
		2F1A42332A002F0E00B3C1EF /* DDFSubfieldDefinition.m */ = {isa = PBXFileReference; fileEncoding = 4; lastKnownFileType = sourcecode.c.objc; path = DDFSubfieldDefinition.m; sourceTree = "<group>"; };
		2F1A42342A002F0E00B3C1EF /* DDFUtils.m */ = {isa = PBXFileReference; fileEncoding = 4; lastKnownFileType = sourcecode.c.objc; path = DDFUtils.m; sourceTree = "<group>"; };
		2F1A42362A002F0E00B3C1EF /* DDFModule.h */ = {isa = PBXFileReference; fileEncoding = 4; lastKnownFileType = sourcecode.c.h; path = DDFModule.h; sourceTree = "<group>"; };
		2F1A42372A002F0E00B3C1EF /* DDFRecord.m */ = {isa = PBXFileReference; fileEncoding = 4; lastKnownFileType = sourcecode.c.objc; path = DDFRecord.m; sourceTree = "<group>"; };
		2FF744922A00DA8100195F7A /* DDFUtils.swift */ = {isa = PBXFileReference; fileEncoding = 4; lastKnownFileType = sourcecode.swift; path = DDFUtils.swift; sourceTree = "<group>"; };
		2FF744932A00DA8100195F7A /* Exceptions.swift */ = {isa = PBXFileReference; fileEncoding = 4; lastKnownFileType = sourcecode.swift; path = Exceptions.swift; sourceTree = "<group>"; };
		2FF744B62A00E80600195F7A /* DDFFieldDefinition.swift */ = {isa = PBXFileReference; lastKnownFileType = sourcecode.swift; path = DDFFieldDefinition.swift; sourceTree = "<group>"; };
		2FF744B82A00F9DE00195F7A /* StringProtocol+.swift */ = {isa = PBXFileReference; fileEncoding = 4; lastKnownFileType = sourcecode.swift; path = "StringProtocol+.swift"; sourceTree = "<group>"; };
		2FF744BA2A00FA0D00195F7A /* String+.swift */ = {isa = PBXFileReference; fileEncoding = 4; lastKnownFileType = sourcecode.swift; path = "String+.swift"; sourceTree = "<group>"; };
		2FF744BC2A01244800195F7A /* Array+UInt8.swift */ = {isa = PBXFileReference; fileEncoding = 4; lastKnownFileType = sourcecode.swift; path = "Array+UInt8.swift"; sourceTree = "<group>"; };
		2FF744BE2A01247B00195F7A /* DDFException.swift */ = {isa = PBXFileReference; lastKnownFileType = sourcecode.swift; path = DDFException.swift; sourceTree = "<group>"; };
		2FF744C02A0124A300195F7A /* UInt8+.swift */ = {isa = PBXFileReference; fileEncoding = 4; lastKnownFileType = sourcecode.swift; path = "UInt8+.swift"; sourceTree = "<group>"; };
/* End PBXFileReference section */

/* Begin PBXFrameworksBuildPhase section */
		2F1A41DC2A002DC400B3C1EF /* Frameworks */ = {
			isa = PBXFrameworksBuildPhase;
			buildActionMask = 2147483647;
			files = (
			);
			runOnlyForDeploymentPostprocessing = 0;
		};
		2F1A41F02A002DC500B3C1EF /* Frameworks */ = {
			isa = PBXFrameworksBuildPhase;
			buildActionMask = 2147483647;
			files = (
			);
			runOnlyForDeploymentPostprocessing = 0;
		};
		2F1A41FA2A002DC500B3C1EF /* Frameworks */ = {
			isa = PBXFrameworksBuildPhase;
			buildActionMask = 2147483647;
			files = (
			);
			runOnlyForDeploymentPostprocessing = 0;
		};
/* End PBXFrameworksBuildPhase section */

/* Begin PBXGroup section */
		2F1A41D62A002DC400B3C1EF = {
			isa = PBXGroup;
			children = (
				2F1A41E12A002DC400B3C1EF /* ISO8211Lib */,
				2F1A41F62A002DC500B3C1EF /* ISO8211LibTests */,
				2F1A42002A002DC500B3C1EF /* ISO8211LibUITests */,
				2F1A41E02A002DC400B3C1EF /* Products */,
			);
			sourceTree = "<group>";
		};
		2F1A41E02A002DC400B3C1EF /* Products */ = {
			isa = PBXGroup;
			children = (
				2F1A41DF2A002DC400B3C1EF /* ISO8211Lib.app */,
				2F1A41F32A002DC500B3C1EF /* ISO8211LibTests.xctest */,
				2F1A41FD2A002DC500B3C1EF /* ISO8211LibUITests.xctest */,
			);
			name = Products;
			sourceTree = "<group>";
		};
		2F1A41E12A002DC400B3C1EF /* ISO8211Lib */ = {
			isa = PBXGroup;
			children = (
				2F1A422A2A002F0E00B3C1EF /* OBJC */,
				2F1A41E22A002DC400B3C1EF /* AppDelegate.swift */,
				2F1A41E42A002DC400B3C1EF /* ViewController.swift */,
				2FF744922A00DA8100195F7A /* DDFUtils.swift */,
				2FF744932A00DA8100195F7A /* Exceptions.swift */,
				2FF744BE2A01247B00195F7A /* DDFException.swift */,
				2FF7449C2A00E0C100195F7A /* Extensions */,
				2F1A41E92A002DC500B3C1EF /* Assets.xcassets */,
				2F1A41EB2A002DC500B3C1EF /* Main.storyboard */,
				2F1A41EE2A002DC500B3C1EF /* ISO8211Lib.entitlements */,
				2F1A41E62A002DC400B3C1EF /* ISO8211Lib.xcdatamodeld */,
				2F1A42102A002DEF00B3C1EF /* ISO8211Lib-Bridging-Header.h */,
			);
			path = ISO8211Lib;
			sourceTree = "<group>";
		};
		2F1A41F62A002DC500B3C1EF /* ISO8211LibTests */ = {
			isa = PBXGroup;
			children = (
				2F1A41F72A002DC500B3C1EF /* ISO8211LibTests.swift */,
			);
			path = ISO8211LibTests;
			sourceTree = "<group>";
		};
		2F1A42002A002DC500B3C1EF /* ISO8211LibUITests */ = {
			isa = PBXGroup;
			children = (
				2F1A42012A002DC500B3C1EF /* ISO8211LibUITests.swift */,
				2F1A42032A002DC500B3C1EF /* ISO8211LibUITestsLaunchTests.swift */,
			);
			path = ISO8211LibUITests;
			sourceTree = "<group>";
		};
		2F1A422A2A002F0E00B3C1EF /* OBJC */ = {
			isa = PBXGroup;
			children = (
				2F1A422E2A002F0E00B3C1EF /* ISO8211.h */,
				2F1A422B2A002F0E00B3C1EF /* DDFField.h */,
				2F1A42322A002F0E00B3C1EF /* DDFField.m */,
				2FF744B62A00E80600195F7A /* DDFFieldDefinition.swift */,
				2F1A42362A002F0E00B3C1EF /* DDFModule.h */,
				2F1A42302A002F0E00B3C1EF /* DDFModule.m */,
				2F1A422F2A002F0E00B3C1EF /* DDFRecord.h */,
				2F1A42372A002F0E00B3C1EF /* DDFRecord.m */,
				2F1A422C2A002F0E00B3C1EF /* DDFSubfieldDefinition.h */,
				2F1A42332A002F0E00B3C1EF /* DDFSubfieldDefinition.m */,
				2F1A422D2A002F0E00B3C1EF /* DDFUtils.h */,
				2F1A42342A002F0E00B3C1EF /* DDFUtils.m */,
			);
			path = OBJC;
			sourceTree = "<group>";
		};
		2FF7449C2A00E0C100195F7A /* Extensions */ = {
			isa = PBXGroup;
			children = (
				2FF744BC2A01244800195F7A /* Array+UInt8.swift */,
				2FF744BA2A00FA0D00195F7A /* String+.swift */,
				2FF744B82A00F9DE00195F7A /* StringProtocol+.swift */,
				2FF744C02A0124A300195F7A /* UInt8+.swift */,
			);
			path = Extensions;
			sourceTree = "<group>";
		};
/* End PBXGroup section */

/* Begin PBXNativeTarget section */
		2F1A41DE2A002DC400B3C1EF /* ISO8211Lib */ = {
			isa = PBXNativeTarget;
			buildConfigurationList = 2F1A42072A002DC500B3C1EF /* Build configuration list for PBXNativeTarget "ISO8211Lib" */;
			buildPhases = (
				2F1A41DB2A002DC400B3C1EF /* Sources */,
				2F1A41DC2A002DC400B3C1EF /* Frameworks */,
				2F1A41DD2A002DC400B3C1EF /* Resources */,
			);
			buildRules = (
			);
			dependencies = (
			);
			name = ISO8211Lib;
			productName = ISO8211Lib;
			productReference = 2F1A41DF2A002DC400B3C1EF /* ISO8211Lib.app */;
			productType = "com.apple.product-type.application";
		};
		2F1A41F22A002DC500B3C1EF /* ISO8211LibTests */ = {
			isa = PBXNativeTarget;
			buildConfigurationList = 2F1A420A2A002DC500B3C1EF /* Build configuration list for PBXNativeTarget "ISO8211LibTests" */;
			buildPhases = (
				2F1A41EF2A002DC500B3C1EF /* Sources */,
				2F1A41F02A002DC500B3C1EF /* Frameworks */,
				2F1A41F12A002DC500B3C1EF /* Resources */,
			);
			buildRules = (
			);
			dependencies = (
				2F1A41F52A002DC500B3C1EF /* PBXTargetDependency */,
			);
			name = ISO8211LibTests;
			productName = ISO8211LibTests;
			productReference = 2F1A41F32A002DC500B3C1EF /* ISO8211LibTests.xctest */;
			productType = "com.apple.product-type.bundle.unit-test";
		};
		2F1A41FC2A002DC500B3C1EF /* ISO8211LibUITests */ = {
			isa = PBXNativeTarget;
			buildConfigurationList = 2F1A420D2A002DC500B3C1EF /* Build configuration list for PBXNativeTarget "ISO8211LibUITests" */;
			buildPhases = (
				2F1A41F92A002DC500B3C1EF /* Sources */,
				2F1A41FA2A002DC500B3C1EF /* Frameworks */,
				2F1A41FB2A002DC500B3C1EF /* Resources */,
			);
			buildRules = (
			);
			dependencies = (
				2F1A41FF2A002DC500B3C1EF /* PBXTargetDependency */,
			);
			name = ISO8211LibUITests;
			productName = ISO8211LibUITests;
			productReference = 2F1A41FD2A002DC500B3C1EF /* ISO8211LibUITests.xctest */;
			productType = "com.apple.product-type.bundle.ui-testing";
		};
/* End PBXNativeTarget section */

/* Begin PBXProject section */
		2F1A41D72A002DC400B3C1EF /* Project object */ = {
			isa = PBXProject;
			attributes = {
				BuildIndependentTargetsInParallel = 1;
				LastSwiftUpdateCheck = 1430;
				LastUpgradeCheck = 1430;
				TargetAttributes = {
					2F1A41DE2A002DC400B3C1EF = {
						CreatedOnToolsVersion = 14.3;
						LastSwiftMigration = 1430;
					};
					2F1A41F22A002DC500B3C1EF = {
						CreatedOnToolsVersion = 14.3;
						TestTargetID = 2F1A41DE2A002DC400B3C1EF;
					};
					2F1A41FC2A002DC500B3C1EF = {
						CreatedOnToolsVersion = 14.3;
						TestTargetID = 2F1A41DE2A002DC400B3C1EF;
					};
				};
			};
			buildConfigurationList = 2F1A41DA2A002DC400B3C1EF /* Build configuration list for PBXProject "ISO8211Lib" */;
			compatibilityVersion = "Xcode 14.0";
			developmentRegion = en;
			hasScannedForEncodings = 0;
			knownRegions = (
				en,
				Base,
			);
			mainGroup = 2F1A41D62A002DC400B3C1EF;
			productRefGroup = 2F1A41E02A002DC400B3C1EF /* Products */;
			projectDirPath = "";
			projectRoot = "";
			targets = (
				2F1A41DE2A002DC400B3C1EF /* ISO8211Lib */,
				2F1A41F22A002DC500B3C1EF /* ISO8211LibTests */,
				2F1A41FC2A002DC500B3C1EF /* ISO8211LibUITests */,
			);
		};
/* End PBXProject section */

/* Begin PBXResourcesBuildPhase section */
		2F1A41DD2A002DC400B3C1EF /* Resources */ = {
			isa = PBXResourcesBuildPhase;
			buildActionMask = 2147483647;
			files = (
				2F1A41EA2A002DC500B3C1EF /* Assets.xcassets in Resources */,
				2F1A41ED2A002DC500B3C1EF /* Main.storyboard in Resources */,
			);
			runOnlyForDeploymentPostprocessing = 0;
		};
		2F1A41F12A002DC500B3C1EF /* Resources */ = {
			isa = PBXResourcesBuildPhase;
			buildActionMask = 2147483647;
			files = (
			);
			runOnlyForDeploymentPostprocessing = 0;
		};
		2F1A41FB2A002DC500B3C1EF /* Resources */ = {
			isa = PBXResourcesBuildPhase;
			buildActionMask = 2147483647;
			files = (
			);
			runOnlyForDeploymentPostprocessing = 0;
		};
/* End PBXResourcesBuildPhase section */

/* Begin PBXSourcesBuildPhase section */
		2F1A41DB2A002DC400B3C1EF /* Sources */ = {
			isa = PBXSourcesBuildPhase;
			buildActionMask = 2147483647;
			files = (
				2FF744B92A00F9DF00195F7A /* StringProtocol+.swift in Sources */,
				2F1A41E82A002DC400B3C1EF /* ISO8211Lib.xcdatamodeld in Sources */,
				2F1A41E52A002DC400B3C1EF /* ViewController.swift in Sources */,
				2F1A423D2A002F0E00B3C1EF /* DDFRecord.m in Sources */,
				2FF744BF2A01247B00195F7A /* DDFException.swift in Sources */,
				2FF744B72A00E80600195F7A /* DDFFieldDefinition.swift in Sources */,
				2F1A423B2A002F0E00B3C1EF /* DDFUtils.m in Sources */,
				2F1A42382A002F0E00B3C1EF /* DDFModule.m in Sources */,
				2F1A423A2A002F0E00B3C1EF /* DDFSubfieldDefinition.m in Sources */,
				2FF744C12A0124A300195F7A /* UInt8+.swift in Sources */,
				2F1A41E32A002DC400B3C1EF /* AppDelegate.swift in Sources */,
				2FF744BD2A01244800195F7A /* Array+UInt8.swift in Sources */,
				2FF744BB2A00FA0D00195F7A /* String+.swift in Sources */,
				2F1A42392A002F0E00B3C1EF /* DDFField.m in Sources */,
				2FF744952A00DA8100195F7A /* Exceptions.swift in Sources */,
			);
			runOnlyForDeploymentPostprocessing = 0;
		};
		2F1A41EF2A002DC500B3C1EF /* Sources */ = {
			isa = PBXSourcesBuildPhase;
			buildActionMask = 2147483647;
			files = (
				2F1A41F82A002DC500B3C1EF /* ISO8211LibTests.swift in Sources */,
			);
			runOnlyForDeploymentPostprocessing = 0;
		};
		2F1A41F92A002DC500B3C1EF /* Sources */ = {
			isa = PBXSourcesBuildPhase;
			buildActionMask = 2147483647;
			files = (
				2F1A42042A002DC500B3C1EF /* ISO8211LibUITestsLaunchTests.swift in Sources */,
				2F1A42022A002DC500B3C1EF /* ISO8211LibUITests.swift in Sources */,
			);
			runOnlyForDeploymentPostprocessing = 0;
		};
/* End PBXSourcesBuildPhase section */

/* Begin PBXTargetDependency section */
		2F1A41F52A002DC500B3C1EF /* PBXTargetDependency */ = {
			isa = PBXTargetDependency;
			target = 2F1A41DE2A002DC400B3C1EF /* ISO8211Lib */;
			targetProxy = 2F1A41F42A002DC500B3C1EF /* PBXContainerItemProxy */;
		};
		2F1A41FF2A002DC500B3C1EF /* PBXTargetDependency */ = {
			isa = PBXTargetDependency;
			target = 2F1A41DE2A002DC400B3C1EF /* ISO8211Lib */;
			targetProxy = 2F1A41FE2A002DC500B3C1EF /* PBXContainerItemProxy */;
		};
/* End PBXTargetDependency section */

/* Begin PBXVariantGroup section */
		2F1A41EB2A002DC500B3C1EF /* Main.storyboard */ = {
			isa = PBXVariantGroup;
			children = (
				2F1A41EC2A002DC500B3C1EF /* Base */,
			);
			name = Main.storyboard;
			sourceTree = "<group>";
		};
/* End PBXVariantGroup section */

/* Begin XCBuildConfiguration section */
		2F1A42052A002DC500B3C1EF /* Debug */ = {
			isa = XCBuildConfiguration;
			buildSettings = {
				ALWAYS_SEARCH_USER_PATHS = NO;
				CLANG_ANALYZER_NONNULL = YES;
				CLANG_ANALYZER_NUMBER_OBJECT_CONVERSION = YES_AGGRESSIVE;
				CLANG_CXX_LANGUAGE_STANDARD = "gnu++20";
				CLANG_ENABLE_MODULES = YES;
				CLANG_ENABLE_OBJC_ARC = YES;
				CLANG_ENABLE_OBJC_WEAK = YES;
				CLANG_WARN_BLOCK_CAPTURE_AUTORELEASING = YES;
				CLANG_WARN_BOOL_CONVERSION = YES;
				CLANG_WARN_COMMA = YES;
				CLANG_WARN_CONSTANT_CONVERSION = YES;
				CLANG_WARN_DEPRECATED_OBJC_IMPLEMENTATIONS = YES;
				CLANG_WARN_DIRECT_OBJC_ISA_USAGE = YES_ERROR;
				CLANG_WARN_DOCUMENTATION_COMMENTS = YES;
				CLANG_WARN_EMPTY_BODY = YES;
				CLANG_WARN_ENUM_CONVERSION = YES;
				CLANG_WARN_INFINITE_RECURSION = YES;
				CLANG_WARN_INT_CONVERSION = YES;
				CLANG_WARN_NON_LITERAL_NULL_CONVERSION = YES;
				CLANG_WARN_OBJC_IMPLICIT_RETAIN_SELF = YES;
				CLANG_WARN_OBJC_LITERAL_CONVERSION = YES;
				CLANG_WARN_OBJC_ROOT_CLASS = YES_ERROR;
				CLANG_WARN_QUOTED_INCLUDE_IN_FRAMEWORK_HEADER = YES;
				CLANG_WARN_RANGE_LOOP_ANALYSIS = YES;
				CLANG_WARN_STRICT_PROTOTYPES = YES;
				CLANG_WARN_SUSPICIOUS_MOVE = YES;
				CLANG_WARN_UNGUARDED_AVAILABILITY = YES_AGGRESSIVE;
				CLANG_WARN_UNREACHABLE_CODE = YES;
				CLANG_WARN__DUPLICATE_METHOD_MATCH = YES;
				COPY_PHASE_STRIP = NO;
				DEBUG_INFORMATION_FORMAT = dwarf;
				ENABLE_STRICT_OBJC_MSGSEND = YES;
				ENABLE_TESTABILITY = YES;
				GCC_C_LANGUAGE_STANDARD = gnu11;
				GCC_DYNAMIC_NO_PIC = NO;
				GCC_NO_COMMON_BLOCKS = YES;
				GCC_OPTIMIZATION_LEVEL = 0;
				GCC_PREPROCESSOR_DEFINITIONS = (
					"DEBUG=1",
					"$(inherited)",
				);
				GCC_WARN_64_TO_32_BIT_CONVERSION = YES;
				GCC_WARN_ABOUT_RETURN_TYPE = YES_ERROR;
				GCC_WARN_UNDECLARED_SELECTOR = YES;
				GCC_WARN_UNINITIALIZED_AUTOS = YES_AGGRESSIVE;
				GCC_WARN_UNUSED_FUNCTION = YES;
				GCC_WARN_UNUSED_VARIABLE = YES;
				MACOSX_DEPLOYMENT_TARGET = 13.3;
				MTL_ENABLE_DEBUG_INFO = INCLUDE_SOURCE;
				MTL_FAST_MATH = YES;
				ONLY_ACTIVE_ARCH = YES;
				SDKROOT = macosx;
				SWIFT_ACTIVE_COMPILATION_CONDITIONS = DEBUG;
				SWIFT_OPTIMIZATION_LEVEL = "-Onone";
			};
			name = Debug;
		};
		2F1A42062A002DC500B3C1EF /* Release */ = {
			isa = XCBuildConfiguration;
			buildSettings = {
				ALWAYS_SEARCH_USER_PATHS = NO;
				CLANG_ANALYZER_NONNULL = YES;
				CLANG_ANALYZER_NUMBER_OBJECT_CONVERSION = YES_AGGRESSIVE;
				CLANG_CXX_LANGUAGE_STANDARD = "gnu++20";
				CLANG_ENABLE_MODULES = YES;
				CLANG_ENABLE_OBJC_ARC = YES;
				CLANG_ENABLE_OBJC_WEAK = YES;
				CLANG_WARN_BLOCK_CAPTURE_AUTORELEASING = YES;
				CLANG_WARN_BOOL_CONVERSION = YES;
				CLANG_WARN_COMMA = YES;
				CLANG_WARN_CONSTANT_CONVERSION = YES;
				CLANG_WARN_DEPRECATED_OBJC_IMPLEMENTATIONS = YES;
				CLANG_WARN_DIRECT_OBJC_ISA_USAGE = YES_ERROR;
				CLANG_WARN_DOCUMENTATION_COMMENTS = YES;
				CLANG_WARN_EMPTY_BODY = YES;
				CLANG_WARN_ENUM_CONVERSION = YES;
				CLANG_WARN_INFINITE_RECURSION = YES;
				CLANG_WARN_INT_CONVERSION = YES;
				CLANG_WARN_NON_LITERAL_NULL_CONVERSION = YES;
				CLANG_WARN_OBJC_IMPLICIT_RETAIN_SELF = YES;
				CLANG_WARN_OBJC_LITERAL_CONVERSION = YES;
				CLANG_WARN_OBJC_ROOT_CLASS = YES_ERROR;
				CLANG_WARN_QUOTED_INCLUDE_IN_FRAMEWORK_HEADER = YES;
				CLANG_WARN_RANGE_LOOP_ANALYSIS = YES;
				CLANG_WARN_STRICT_PROTOTYPES = YES;
				CLANG_WARN_SUSPICIOUS_MOVE = YES;
				CLANG_WARN_UNGUARDED_AVAILABILITY = YES_AGGRESSIVE;
				CLANG_WARN_UNREACHABLE_CODE = YES;
				CLANG_WARN__DUPLICATE_METHOD_MATCH = YES;
				COPY_PHASE_STRIP = NO;
				DEBUG_INFORMATION_FORMAT = "dwarf-with-dsym";
				ENABLE_NS_ASSERTIONS = NO;
				ENABLE_STRICT_OBJC_MSGSEND = YES;
				GCC_C_LANGUAGE_STANDARD = gnu11;
				GCC_NO_COMMON_BLOCKS = YES;
				GCC_WARN_64_TO_32_BIT_CONVERSION = YES;
				GCC_WARN_ABOUT_RETURN_TYPE = YES_ERROR;
				GCC_WARN_UNDECLARED_SELECTOR = YES;
				GCC_WARN_UNINITIALIZED_AUTOS = YES_AGGRESSIVE;
				GCC_WARN_UNUSED_FUNCTION = YES;
				GCC_WARN_UNUSED_VARIABLE = YES;
				MACOSX_DEPLOYMENT_TARGET = 13.3;
				MTL_ENABLE_DEBUG_INFO = NO;
				MTL_FAST_MATH = YES;
				SDKROOT = macosx;
				SWIFT_COMPILATION_MODE = wholemodule;
				SWIFT_OPTIMIZATION_LEVEL = "-O";
			};
			name = Release;
		};
		2F1A42082A002DC500B3C1EF /* Debug */ = {
			isa = XCBuildConfiguration;
			buildSettings = {
				ASSETCATALOG_COMPILER_APPICON_NAME = AppIcon;
				ASSETCATALOG_COMPILER_GLOBAL_ACCENT_COLOR_NAME = AccentColor;
				CLANG_ENABLE_MODULES = YES;
				CODE_SIGN_ENTITLEMENTS = ISO8211Lib/ISO8211Lib.entitlements;
				CODE_SIGN_STYLE = Automatic;
				COMBINE_HIDPI_IMAGES = YES;
				CURRENT_PROJECT_VERSION = 1;
				DEVELOPMENT_TEAM = 3G54NEN3F6;
				ENABLE_HARDENED_RUNTIME = YES;
				GENERATE_INFOPLIST_FILE = YES;
				INFOPLIST_KEY_NSHumanReadableCopyright = "";
				INFOPLIST_KEY_NSMainStoryboardFile = Main;
				INFOPLIST_KEY_NSPrincipalClass = NSApplication;
				LD_RUNPATH_SEARCH_PATHS = (
					"$(inherited)",
					"@executable_path/../Frameworks",
				);
				MARKETING_VERSION = 1.0;
				PRODUCT_BUNDLE_IDENTIFIER = digital.marine.ISO8211Lib;
				PRODUCT_NAME = "$(TARGET_NAME)";
				SWIFT_EMIT_LOC_STRINGS = YES;
				SWIFT_OBJC_BRIDGING_HEADER = "ISO8211Lib/ISO8211Lib-Bridging-Header.h";
				SWIFT_OPTIMIZATION_LEVEL = "-Onone";
				SWIFT_VERSION = 5.0;
			};
			name = Debug;
		};
		2F1A42092A002DC500B3C1EF /* Release */ = {
			isa = XCBuildConfiguration;
			buildSettings = {
				ASSETCATALOG_COMPILER_APPICON_NAME = AppIcon;
				ASSETCATALOG_COMPILER_GLOBAL_ACCENT_COLOR_NAME = AccentColor;
				CLANG_ENABLE_MODULES = YES;
				CODE_SIGN_ENTITLEMENTS = ISO8211Lib/ISO8211Lib.entitlements;
				CODE_SIGN_STYLE = Automatic;
				COMBINE_HIDPI_IMAGES = YES;
				CURRENT_PROJECT_VERSION = 1;
				DEVELOPMENT_TEAM = 3G54NEN3F6;
				ENABLE_HARDENED_RUNTIME = YES;
				GENERATE_INFOPLIST_FILE = YES;
				INFOPLIST_KEY_NSHumanReadableCopyright = "";
				INFOPLIST_KEY_NSMainStoryboardFile = Main;
				INFOPLIST_KEY_NSPrincipalClass = NSApplication;
				LD_RUNPATH_SEARCH_PATHS = (
					"$(inherited)",
					"@executable_path/../Frameworks",
				);
				MARKETING_VERSION = 1.0;
				PRODUCT_BUNDLE_IDENTIFIER = digital.marine.ISO8211Lib;
				PRODUCT_NAME = "$(TARGET_NAME)";
				SWIFT_EMIT_LOC_STRINGS = YES;
				SWIFT_OBJC_BRIDGING_HEADER = "ISO8211Lib/ISO8211Lib-Bridging-Header.h";
				SWIFT_VERSION = 5.0;
			};
			name = Release;
		};
		2F1A420B2A002DC500B3C1EF /* Debug */ = {
			isa = XCBuildConfiguration;
			buildSettings = {
				ALWAYS_EMBED_SWIFT_STANDARD_LIBRARIES = YES;
				BUNDLE_LOADER = "$(TEST_HOST)";
				CODE_SIGN_STYLE = Automatic;
				CURRENT_PROJECT_VERSION = 1;
				DEVELOPMENT_TEAM = 3G54NEN3F6;
				GENERATE_INFOPLIST_FILE = YES;
				MACOSX_DEPLOYMENT_TARGET = 13.3;
				MARKETING_VERSION = 1.0;
				PRODUCT_BUNDLE_IDENTIFIER = digital.marine.ISO8211LibTests;
				PRODUCT_NAME = "$(TARGET_NAME)";
				SWIFT_EMIT_LOC_STRINGS = NO;
				SWIFT_VERSION = 5.0;
				TEST_HOST = "$(BUILT_PRODUCTS_DIR)/ISO8211Lib.app/$(BUNDLE_EXECUTABLE_FOLDER_PATH)/ISO8211Lib";
			};
			name = Debug;
		};
		2F1A420C2A002DC500B3C1EF /* Release */ = {
			isa = XCBuildConfiguration;
			buildSettings = {
				ALWAYS_EMBED_SWIFT_STANDARD_LIBRARIES = YES;
				BUNDLE_LOADER = "$(TEST_HOST)";
				CODE_SIGN_STYLE = Automatic;
				CURRENT_PROJECT_VERSION = 1;
				DEVELOPMENT_TEAM = 3G54NEN3F6;
				GENERATE_INFOPLIST_FILE = YES;
				MACOSX_DEPLOYMENT_TARGET = 13.3;
				MARKETING_VERSION = 1.0;
				PRODUCT_BUNDLE_IDENTIFIER = digital.marine.ISO8211LibTests;
				PRODUCT_NAME = "$(TARGET_NAME)";
				SWIFT_EMIT_LOC_STRINGS = NO;
				SWIFT_VERSION = 5.0;
				TEST_HOST = "$(BUILT_PRODUCTS_DIR)/ISO8211Lib.app/$(BUNDLE_EXECUTABLE_FOLDER_PATH)/ISO8211Lib";
			};
			name = Release;
		};
		2F1A420E2A002DC500B3C1EF /* Debug */ = {
			isa = XCBuildConfiguration;
			buildSettings = {
				ALWAYS_EMBED_SWIFT_STANDARD_LIBRARIES = YES;
				CODE_SIGN_STYLE = Automatic;
				CURRENT_PROJECT_VERSION = 1;
				DEVELOPMENT_TEAM = 3G54NEN3F6;
				GENERATE_INFOPLIST_FILE = YES;
				MARKETING_VERSION = 1.0;
				PRODUCT_BUNDLE_IDENTIFIER = digital.marine.ISO8211LibUITests;
				PRODUCT_NAME = "$(TARGET_NAME)";
				SWIFT_EMIT_LOC_STRINGS = NO;
				SWIFT_VERSION = 5.0;
				TEST_TARGET_NAME = ISO8211Lib;
			};
			name = Debug;
		};
		2F1A420F2A002DC500B3C1EF /* Release */ = {
			isa = XCBuildConfiguration;
			buildSettings = {
				ALWAYS_EMBED_SWIFT_STANDARD_LIBRARIES = YES;
				CODE_SIGN_STYLE = Automatic;
				CURRENT_PROJECT_VERSION = 1;
				DEVELOPMENT_TEAM = 3G54NEN3F6;
				GENERATE_INFOPLIST_FILE = YES;
				MARKETING_VERSION = 1.0;
				PRODUCT_BUNDLE_IDENTIFIER = digital.marine.ISO8211LibUITests;
				PRODUCT_NAME = "$(TARGET_NAME)";
				SWIFT_EMIT_LOC_STRINGS = NO;
				SWIFT_VERSION = 5.0;
				TEST_TARGET_NAME = ISO8211Lib;
			};
			name = Release;
		};
/* End XCBuildConfiguration section */

/* Begin XCConfigurationList section */
		2F1A41DA2A002DC400B3C1EF /* Build configuration list for PBXProject "ISO8211Lib" */ = {
			isa = XCConfigurationList;
			buildConfigurations = (
				2F1A42052A002DC500B3C1EF /* Debug */,
				2F1A42062A002DC500B3C1EF /* Release */,
			);
			defaultConfigurationIsVisible = 0;
			defaultConfigurationName = Release;
		};
		2F1A42072A002DC500B3C1EF /* Build configuration list for PBXNativeTarget "ISO8211Lib" */ = {
			isa = XCConfigurationList;
			buildConfigurations = (
				2F1A42082A002DC500B3C1EF /* Debug */,
				2F1A42092A002DC500B3C1EF /* Release */,
			);
			defaultConfigurationIsVisible = 0;
			defaultConfigurationName = Release;
		};
		2F1A420A2A002DC500B3C1EF /* Build configuration list for PBXNativeTarget "ISO8211LibTests" */ = {
			isa = XCConfigurationList;
			buildConfigurations = (
				2F1A420B2A002DC500B3C1EF /* Debug */,
				2F1A420C2A002DC500B3C1EF /* Release */,
			);
			defaultConfigurationIsVisible = 0;
			defaultConfigurationName = Release;
		};
		2F1A420D2A002DC500B3C1EF /* Build configuration list for PBXNativeTarget "ISO8211LibUITests" */ = {
			isa = XCConfigurationList;
			buildConfigurations = (
				2F1A420E2A002DC500B3C1EF /* Debug */,
				2F1A420F2A002DC500B3C1EF /* Release */,
			);
			defaultConfigurationIsVisible = 0;
			defaultConfigurationName = Release;
		};
/* End XCConfigurationList section */

/* Begin XCVersionGroup section */
		2F1A41E62A002DC400B3C1EF /* ISO8211Lib.xcdatamodeld */ = {
			isa = XCVersionGroup;
			children = (
				2F1A41E72A002DC400B3C1EF /* ISO8211Lib.xcdatamodel */,
			);
			currentVersion = 2F1A41E72A002DC400B3C1EF /* ISO8211Lib.xcdatamodel */;
			path = ISO8211Lib.xcdatamodeld;
			sourceTree = "<group>";
			versionGroupType = wrapper.xcdatamodel;
		};
/* End XCVersionGroup section */
	};
	rootObject = 2F1A41D72A002DC400B3C1EF /* Project object */;
}
